
Microsoft Visual Studio Solution File, Format Version 12.00
# Visual Studio Version 17
VisualStudioVersion = 17.1.32210.238
MinimumVisualStudioVersion = 10.0.40219.1
Project("{8BC9CEB8-8B4A-11D0-8D11-00A0C91BC942}") = "PP01", "PP01\PP01.vcxproj", "{B67C4DD5-956D-42BF-AA7E-66BB9314734A}"
EndProject
Project("{8BC9CEB8-8B4A-11D0-8D11-00A0C91BC942}") = "PP02", "PP02\PP02.vcxproj", "{6C178778-50B2-4059-8C15-3CB5CBD3CF22}"
EndProject
Project("{8BC9CEB8-8B4A-11D0-8D11-00A0C91BC942}") = "PP03", "PP03\PP03.vcxproj", "{A0950C81-AD18-43A8-B452-5804093CFDC0}"
EndProject
Project("{8BC9CEB8-8B4A-11D0-8D11-00A0C91BC942}") = "PP04", "PP04\PP04.vcxproj", "{C87F34F7-9679-4588-BB32-AD21ADDD09CE}"
EndProject
Project("{8BC9CEB8-8B4A-11D0-8D11-00A0C91BC942}") = "PP05", "PP05\PP05.vcxproj", "{4C4BBB47-501D-47E7-AE7D-95AEFF99246F}"
EndProject
Global
	GlobalSection(SolutionConfigurationPlatforms) = preSolution
		Debug|x64 = Debug|x64
		Debug|x86 = Debug|x86
		Release|x64 = Release|x64
		Release|x86 = Release|x86
	EndGlobalSection
	GlobalSection(ProjectConfigurationPlatforms) = postSolution
		{B67C4DD5-956D-42BF-AA7E-66BB9314734A}.Debug|x64.ActiveCfg = Debug|x64
		{B67C4DD5-956D-42BF-AA7E-66BB9314734A}.Debug|x64.Build.0 = Debug|x64
		{B67C4DD5-956D-42BF-AA7E-66BB9314734A}.Debug|x86.ActiveCfg = Debug|Win32
		{B67C4DD5-956D-42BF-AA7E-66BB9314734A}.Debug|x86.Build.0 = Debug|Win32
		{B67C4DD5-956D-42BF-AA7E-66BB9314734A}.Release|x64.ActiveCfg = Release|x64
		{B67C4DD5-956D-42BF-AA7E-66BB9314734A}.Release|x64.Build.0 = Release|x64
		{B67C4DD5-956D-42BF-AA7E-66BB9314734A}.Release|x86.ActiveCfg = Release|Win32
		{B67C4DD5-956D-42BF-AA7E-66BB9314734A}.Release|x86.Build.0 = Release|Win32
		{6C178778-50B2-4059-8C15-3CB5CBD3CF22}.Debug|x64.ActiveCfg = Debug|x64
		{6C178778-50B2-4059-8C15-3CB5CBD3CF22}.Debug|x64.Build.0 = Debug|x64
		{6C178778-50B2-4059-8C15-3CB5CBD3CF22}.Debug|x86.ActiveCfg = Debug|Win32
		{6C178778-50B2-4059-8C15-3CB5CBD3CF22}.Debug|x86.Build.0 = Debug|Win32
		{6C178778-50B2-4059-8C15-3CB5CBD3CF22}.Release|x64.ActiveCfg = Release|x64
		{6C178778-50B2-4059-8C15-3CB5CBD3CF22}.Release|x64.Build.0 = Release|x64
		{6C178778-50B2-4059-8C15-3CB5CBD3CF22}.Release|x86.ActiveCfg = Release|Win32
		{6C178778-50B2-4059-8C15-3CB5CBD3CF22}.Release|x86.Build.0 = Release|Win32
		{A0950C81-AD18-43A8-B452-5804093CFDC0}.Debug|x64.ActiveCfg = Debug|x64
		{A0950C81-AD18-43A8-B452-5804093CFDC0}.Debug|x64.Build.0 = Debug|x64
		{A0950C81-AD18-43A8-B452-5804093CFDC0}.Debug|x86.ActiveCfg = Debug|Win32
		{A0950C81-AD18-43A8-B452-5804093CFDC0}.Debug|x86.Build.0 = Debug|Win32
		{A0950C81-AD18-43A8-B452-5804093CFDC0}.Release|x64.ActiveCfg = Release|x64
		{A0950C81-AD18-43A8-B452-5804093CFDC0}.Release|x64.Build.0 = Release|x64
		{A0950C81-AD18-43A8-B452-5804093CFDC0}.Release|x86.ActiveCfg = Release|Win32
		{A0950C81-AD18-43A8-B452-5804093CFDC0}.Release|x86.Build.0 = Release|Win32
		{C87F34F7-9679-4588-BB32-AD21ADDD09CE}.Debug|x64.ActiveCfg = Debug|x64
		{C87F34F7-9679-4588-BB32-AD21ADDD09CE}.Debug|x64.Build.0 = Debug|x64
		{C87F34F7-9679-4588-BB32-AD21ADDD09CE}.Debug|x86.ActiveCfg = Debug|Win32
		{C87F34F7-9679-4588-BB32-AD21ADDD09CE}.Debug|x86.Build.0 = Debug|Win32
		{C87F34F7-9679-4588-BB32-AD21ADDD09CE}.Release|x64.ActiveCfg = Release|x64
		{C87F34F7-9679-4588-BB32-AD21ADDD09CE}.Release|x64.Build.0 = Release|x64
		{C87F34F7-9679-4588-BB32-AD21ADDD09CE}.Release|x86.ActiveCfg = Release|Win32
		{C87F34F7-9679-4588-BB32-AD21ADDD09CE}.Release|x86.Build.0 = Release|Win32
		{4C4BBB47-501D-47E7-AE7D-95AEFF99246F}.Debug|x64.ActiveCfg = Debug|x64
		{4C4BBB47-501D-47E7-AE7D-95AEFF99246F}.Debug|x64.Build.0 = Debug|x64
		{4C4BBB47-501D-47E7-AE7D-95AEFF99246F}.Debug|x86.ActiveCfg = Debug|Win32
		{4C4BBB47-501D-47E7-AE7D-95AEFF99246F}.Debug|x86.Build.0 = Debug|Win32
		{4C4BBB47-501D-47E7-AE7D-95AEFF99246F}.Release|x64.ActiveCfg = Release|x64
		{4C4BBB47-501D-47E7-AE7D-95AEFF99246F}.Release|x64.Build.0 = Release|x64
		{4C4BBB47-501D-47E7-AE7D-95AEFF99246F}.Release|x86.ActiveCfg = Release|Win32
		{4C4BBB47-501D-47E7-AE7D-95AEFF99246F}.Release|x86.Build.0 = Release|Win32
	EndGlobalSection
	GlobalSection(SolutionProperties) = preSolution
		HideSolutionNode = FALSE
	EndGlobalSection
	GlobalSection(ExtensibilityGlobals) = postSolution
		SolutionGuid = {E899DC00-0DC6-420F-ABAB-A835FB055E72}
	EndGlobalSection
EndGlobal
